// !$*UTF8*$!
{
	archiveVersion = 1;
	classes = {
	};
	objectVersion = 52;
	objects = {

/* Begin PBXBuildFile section */
		3B90D99C263F282500604268 /* Kingfisher in Frameworks */ = {isa = PBXBuildFile; productRef = 3B90D99B263F282500604268 /* Kingfisher */; };
		3B90D9A0263FDBCF00604268 /* SNsanafonmaru.ttf in Resources */ = {isa = PBXBuildFile; fileRef = 3B90D99F263FDBCF00604268 /* SNsanafonmaru.ttf */; };
		3BA3B8B5263D611B008692AF /* GoogleService-Info.plist in Resources */ = {isa = PBXBuildFile; fileRef = 3BA3B8B4263D611B008692AF /* GoogleService-Info.plist */; };
		3BA3B8B7263D615C008692AF /* AppDelegate.swift in Sources */ = {isa = PBXBuildFile; fileRef = 3BA3B8B6263D615C008692AF /* AppDelegate.swift */; };
		3BA3B8B9263D886B008692AF /* UserView.swift in Sources */ = {isa = PBXBuildFile; fileRef = 3BA3B8B8263D886B008692AF /* UserView.swift */; };
		3BD56F1E263D27D6004EFA1B /* IOSGameHw04App.swift in Sources */ = {isa = PBXBuildFile; fileRef = 3BD56F1D263D27D6004EFA1B /* IOSGameHw04App.swift */; };
		3BD56F20263D27D6004EFA1B /* ContentView.swift in Sources */ = {isa = PBXBuildFile; fileRef = 3BD56F1F263D27D6004EFA1B /* ContentView.swift */; };
		3BD56F22263D27D8004EFA1B /* Assets.xcassets in Resources */ = {isa = PBXBuildFile; fileRef = 3BD56F21263D27D8004EFA1B /* Assets.xcassets */; };
		3BD56F25263D27D8004EFA1B /* Preview Assets.xcassets in Resources */ = {isa = PBXBuildFile; fileRef = 3BD56F24263D27D8004EFA1B /* Preview Assets.xcassets */; };
		3BD56F2F263D29F1004EFA1B /* FirebaseAuth in Frameworks */ = {isa = PBXBuildFile; productRef = 3BD56F2E263D29F1004EFA1B /* FirebaseAuth */; };
		3BD56F31263D29F1004EFA1B /* FirebaseStorageSwift-Beta in Frameworks */ = {isa = PBXBuildFile; productRef = 3BD56F30263D29F1004EFA1B /* FirebaseStorageSwift-Beta */; };
		3BD56F33263D29F1004EFA1B /* FirebaseFirestoreSwift-Beta in Frameworks */ = {isa = PBXBuildFile; productRef = 3BD56F32263D29F1004EFA1B /* FirebaseFirestoreSwift-Beta */; };
		3BD56F36263D2F72004EFA1B /* RegisterView.swift in Sources */ = {isa = PBXBuildFile; fileRef = 3BD56F35263D2F72004EFA1B /* RegisterView.swift */; };
		3BD56F39263D33AD004EFA1B /* FirebaseControl.swift in Sources */ = {isa = PBXBuildFile; fileRef = 3BD56F38263D33AD004EFA1B /* FirebaseControl.swift */; };
		3BEB2FAC263E7009005F48D3 /* FirstLoginView.swift in Sources */ = {isa = PBXBuildFile; fileRef = 3BEB2FAB263E7009005F48D3 /* FirstLoginView.swift */; };
/* End PBXBuildFile section */

/* Begin PBXFileReference section */
		3B90D99F263FDBCF00604268 /* SNsanafonmaru.ttf */ = {isa = PBXFileReference; lastKnownFileType = file; path = SNsanafonmaru.ttf; sourceTree = "<group>"; };
		3BA3B8B4263D611B008692AF /* GoogleService-Info.plist */ = {isa = PBXFileReference; fileEncoding = 4; lastKnownFileType = text.plist.xml; path = "GoogleService-Info.plist"; sourceTree = "<group>"; };
		3BA3B8B6263D615C008692AF /* AppDelegate.swift */ = {isa = PBXFileReference; lastKnownFileType = sourcecode.swift; path = AppDelegate.swift; sourceTree = "<group>"; };
		3BA3B8B8263D886B008692AF /* UserView.swift */ = {isa = PBXFileReference; lastKnownFileType = sourcecode.swift; path = UserView.swift; sourceTree = "<group>"; };
		3BD56F1A263D27D6004EFA1B /* IOSGameHw04.app */ = {isa = PBXFileReference; explicitFileType = wrapper.application; includeInIndex = 0; path = IOSGameHw04.app; sourceTree = BUILT_PRODUCTS_DIR; };
		3BD56F1D263D27D6004EFA1B /* IOSGameHw04App.swift */ = {isa = PBXFileReference; lastKnownFileType = sourcecode.swift; path = IOSGameHw04App.swift; sourceTree = "<group>"; };
		3BD56F1F263D27D6004EFA1B /* ContentView.swift */ = {isa = PBXFileReference; lastKnownFileType = sourcecode.swift; path = ContentView.swift; sourceTree = "<group>"; };
		3BD56F21263D27D8004EFA1B /* Assets.xcassets */ = {isa = PBXFileReference; lastKnownFileType = folder.assetcatalog; path = Assets.xcassets; sourceTree = "<group>"; };
		3BD56F24263D27D8004EFA1B /* Preview Assets.xcassets */ = {isa = PBXFileReference; lastKnownFileType = folder.assetcatalog; path = "Preview Assets.xcassets"; sourceTree = "<group>"; };
		3BD56F26263D27D8004EFA1B /* Info.plist */ = {isa = PBXFileReference; lastKnownFileType = text.plist.xml; path = Info.plist; sourceTree = "<group>"; };
		3BD56F35263D2F72004EFA1B /* RegisterView.swift */ = {isa = PBXFileReference; lastKnownFileType = sourcecode.swift; path = RegisterView.swift; sourceTree = "<group>"; };
		3BD56F38263D33AD004EFA1B /* FirebaseControl.swift */ = {isa = PBXFileReference; lastKnownFileType = sourcecode.swift; path = FirebaseControl.swift; sourceTree = "<group>"; };
		3BEB2FAB263E7009005F48D3 /* FirstLoginView.swift */ = {isa = PBXFileReference; lastKnownFileType = sourcecode.swift; path = FirstLoginView.swift; sourceTree = "<group>"; };
/* End PBXFileReference section */

/* Begin PBXFrameworksBuildPhase section */
		3BD56F17263D27D6004EFA1B /* Frameworks */ = {
			isa = PBXFrameworksBuildPhase;
			buildActionMask = 2147483647;
			files = (
				3B90D99C263F282500604268 /* Kingfisher in Frameworks */,
				3BD56F33263D29F1004EFA1B /* FirebaseFirestoreSwift-Beta in Frameworks */,
				3BD56F2F263D29F1004EFA1B /* FirebaseAuth in Frameworks */,
				3BD56F31263D29F1004EFA1B /* FirebaseStorageSwift-Beta in Frameworks */,
			);
			runOnlyForDeploymentPostprocessing = 0;
		};
/* End PBXFrameworksBuildPhase section */

/* Begin PBXGroup section */
		3BD56F11263D27D6004EFA1B = {
			isa = PBXGroup;
			children = (
				3BD56F1C263D27D6004EFA1B /* IOSGameHw04 */,
				3BD56F1B263D27D6004EFA1B /* Products */,
				3BEB2FAD263E7675005F48D3 /* Frameworks */,
			);
			sourceTree = "<group>";
		};
		3BD56F1B263D27D6004EFA1B /* Products */ = {
			isa = PBXGroup;
			children = (
				3BD56F1A263D27D6004EFA1B /* IOSGameHw04.app */,
			);
			name = Products;
			sourceTree = "<group>";
		};
		3BD56F1C263D27D6004EFA1B /* IOSGameHw04 */ = {
			isa = PBXGroup;
			children = (
				3BD56F1D263D27D6004EFA1B /* IOSGameHw04App.swift */,
				3BD56F1F263D27D6004EFA1B /* ContentView.swift */,
				3BA3B8B8263D886B008692AF /* UserView.swift */,
				3BEB2FAB263E7009005F48D3 /* FirstLoginView.swift */,
				3BD56F35263D2F72004EFA1B /* RegisterView.swift */,
				3BD56F38263D33AD004EFA1B /* FirebaseControl.swift */,
				3BA3B8B4263D611B008692AF /* GoogleService-Info.plist */,
				3BA3B8B6263D615C008692AF /* AppDelegate.swift */,
				3B90D99F263FDBCF00604268 /* SNsanafonmaru.ttf */,
				3BD56F21263D27D8004EFA1B /* Assets.xcassets */,
				3BD56F26263D27D8004EFA1B /* Info.plist */,
				3BD56F23263D27D8004EFA1B /* Preview Content */,
			);
			path = IOSGameHw04;
			sourceTree = "<group>";
		};
		3BD56F23263D27D8004EFA1B /* Preview Content */ = {
			isa = PBXGroup;
			children = (
				3BD56F24263D27D8004EFA1B /* Preview Assets.xcassets */,
			);
			path = "Preview Content";
			sourceTree = "<group>";
		};
		3BEB2FAD263E7675005F48D3 /* Frameworks */ = {
			isa = PBXGroup;
			children = (
			);
			name = Frameworks;
			sourceTree = "<group>";
		};
/* End PBXGroup section */

/* Begin PBXNativeTarget section */
		3BD56F19263D27D6004EFA1B /* IOSGameHw04 */ = {
			isa = PBXNativeTarget;
			buildConfigurationList = 3BD56F29263D27D8004EFA1B /* Build configuration list for PBXNativeTarget "IOSGameHw04" */;
			buildPhases = (
				3BD56F16263D27D6004EFA1B /* Sources */,
				3BD56F17263D27D6004EFA1B /* Frameworks */,
				3BD56F18263D27D6004EFA1B /* Resources */,
			);
			buildRules = (
			);
			dependencies = (
			);
			name = IOSGameHw04;
			packageProductDependencies = (
				3BD56F2E263D29F1004EFA1B /* FirebaseAuth */,
				3BD56F30263D29F1004EFA1B /* FirebaseStorageSwift-Beta */,
				3BD56F32263D29F1004EFA1B /* FirebaseFirestoreSwift-Beta */,
				3B90D99B263F282500604268 /* Kingfisher */,
			);
			productName = IOSGameHw04;
			productReference = 3BD56F1A263D27D6004EFA1B /* IOSGameHw04.app */;
			productType = "com.apple.product-type.application";
		};
/* End PBXNativeTarget section */

/* Begin PBXProject section */
		3BD56F12263D27D6004EFA1B /* Project object */ = {
			isa = PBXProject;
			attributes = {
				LastSwiftUpdateCheck = 1240;
				LastUpgradeCheck = 1240;
				TargetAttributes = {
					3BD56F19263D27D6004EFA1B = {
						CreatedOnToolsVersion = 12.4;
					};
				};
			};
			buildConfigurationList = 3BD56F15263D27D6004EFA1B /* Build configuration list for PBXProject "IOSGameHw04" */;
			compatibilityVersion = "Xcode 9.3";
			developmentRegion = en;
			hasScannedForEncodings = 0;
			knownRegions = (
				en,
				Base,
			);
			mainGroup = 3BD56F11263D27D6004EFA1B;
			packageReferences = (
				3BD56F2D263D29F1004EFA1B /* XCRemoteSwiftPackageReference "firebase-ios-sdk" */,
				3B90D99A263F282500604268 /* XCRemoteSwiftPackageReference "Kingfisher" */,
			);
			productRefGroup = 3BD56F1B263D27D6004EFA1B /* Products */;
			projectDirPath = "";
			projectRoot = "";
			targets = (
				3BD56F19263D27D6004EFA1B /* IOSGameHw04 */,
			);
		};
/* End PBXProject section */

/* Begin PBXResourcesBuildPhase section */
		3BD56F18263D27D6004EFA1B /* Resources */ = {
			isa = PBXResourcesBuildPhase;
			buildActionMask = 2147483647;
			files = (
				3BD56F25263D27D8004EFA1B /* Preview Assets.xcassets in Resources */,
				3B90D9A0263FDBCF00604268 /* SNsanafonmaru.ttf in Resources */,
				3BD56F22263D27D8004EFA1B /* Assets.xcassets in Resources */,
				3BA3B8B5263D611B008692AF /* GoogleService-Info.plist in Resources */,
			);
			runOnlyForDeploymentPostprocessing = 0;
		};
/* End PBXResourcesBuildPhase section */

/* Begin PBXSourcesBuildPhase section */
		3BD56F16263D27D6004EFA1B /* Sources */ = {
			isa = PBXSourcesBuildPhase;
			buildActionMask = 2147483647;
			files = (
				3BD56F20263D27D6004EFA1B /* ContentView.swift in Sources */,
				3BA3B8B9263D886B008692AF /* UserView.swift in Sources */,
				3BD56F1E263D27D6004EFA1B /* IOSGameHw04App.swift in Sources */,
				3BD56F39263D33AD004EFA1B /* FirebaseControl.swift in Sources */,
				3BEB2FAC263E7009005F48D3 /* FirstLoginView.swift in Sources */,
				3BA3B8B7263D615C008692AF /* AppDelegate.swift in Sources */,
				3BD56F36263D2F72004EFA1B /* RegisterView.swift in Sources */,
			);
			runOnlyForDeploymentPostprocessing = 0;
		};
/* End PBXSourcesBuildPhase section */

/* Begin XCBuildConfiguration section */
		3BD56F27263D27D8004EFA1B /* Debug */ = {
			isa = XCBuildConfiguration;
			buildSettings = {
				ALWAYS_SEARCH_USER_PATHS = NO;
				CLANG_ANALYZER_NONNULL = YES;
				CLANG_ANALYZER_NUMBER_OBJECT_CONVERSION = YES_AGGRESSIVE;
				CLANG_CXX_LANGUAGE_STANDARD = "gnu++14";
				CLANG_CXX_LIBRARY = "libc++";
				CLANG_ENABLE_MODULES = YES;
				CLANG_ENABLE_OBJC_ARC = YES;
				CLANG_ENABLE_OBJC_WEAK = YES;
				CLANG_WARN_BLOCK_CAPTURE_AUTORELEASING = YES;
				CLANG_WARN_BOOL_CONVERSION = YES;
				CLANG_WARN_COMMA = YES;
				CLANG_WARN_CONSTANT_CONVERSION = YES;
				CLANG_WARN_DEPRECATED_OBJC_IMPLEMENTATIONS = YES;
				CLANG_WARN_DIRECT_OBJC_ISA_USAGE = YES_ERROR;
				CLANG_WARN_DOCUMENTATION_COMMENTS = YES;
				CLANG_WARN_EMPTY_BODY = YES;
				CLANG_WARN_ENUM_CONVERSION = YES;
				CLANG_WARN_INFINITE_RECURSION = YES;
				CLANG_WARN_INT_CONVERSION = YES;
				CLANG_WARN_NON_LITERAL_NULL_CONVERSION = YES;
				CLANG_WARN_OBJC_IMPLICIT_RETAIN_SELF = YES;
				CLANG_WARN_OBJC_LITERAL_CONVERSION = YES;
				CLANG_WARN_OBJC_ROOT_CLASS = YES_ERROR;
				CLANG_WARN_QUOTED_INCLUDE_IN_FRAMEWORK_HEADER = YES;
				CLANG_WARN_RANGE_LOOP_ANALYSIS = YES;
				CLANG_WARN_STRICT_PROTOTYPES = YES;
				CLANG_WARN_SUSPICIOUS_MOVE = YES;
				CLANG_WARN_UNGUARDED_AVAILABILITY = YES_AGGRESSIVE;
				CLANG_WARN_UNREACHABLE_CODE = YES;
				CLANG_WARN__DUPLICATE_METHOD_MATCH = YES;
				COPY_PHASE_STRIP = NO;
				DEBUG_INFORMATION_FORMAT = dwarf;
				ENABLE_STRICT_OBJC_MSGSEND = YES;
				ENABLE_TESTABILITY = YES;
				GCC_C_LANGUAGE_STANDARD = gnu11;
				GCC_DYNAMIC_NO_PIC = NO;
				GCC_NO_COMMON_BLOCKS = YES;
				GCC_OPTIMIZATION_LEVEL = 0;
				GCC_PREPROCESSOR_DEFINITIONS = (
					"DEBUG=1",
					"$(inherited)",
				);
				GCC_WARN_64_TO_32_BIT_CONVERSION = YES;
				GCC_WARN_ABOUT_RETURN_TYPE = YES_ERROR;
				GCC_WARN_UNDECLARED_SELECTOR = YES;
				GCC_WARN_UNINITIALIZED_AUTOS = YES_AGGRESSIVE;
				GCC_WARN_UNUSED_FUNCTION = YES;
				GCC_WARN_UNUSED_VARIABLE = YES;
				IPHONEOS_DEPLOYMENT_TARGET = 14.4;
				MTL_ENABLE_DEBUG_INFO = INCLUDE_SOURCE;
				MTL_FAST_MATH = YES;
				ONLY_ACTIVE_ARCH = YES;
				SDKROOT = iphoneos;
				SWIFT_ACTIVE_COMPILATION_CONDITIONS = DEBUG;
				SWIFT_OPTIMIZATION_LEVEL = "-Onone";
			};
			name = Debug;
		};
		3BD56F28263D27D8004EFA1B /* Release */ = {
			isa = XCBuildConfiguration;
			buildSettings = {
				ALWAYS_SEARCH_USER_PATHS = NO;
				CLANG_ANALYZER_NONNULL = YES;
				CLANG_ANALYZER_NUMBER_OBJECT_CONVERSION = YES_AGGRESSIVE;
				CLANG_CXX_LANGUAGE_STANDARD = "gnu++14";
				CLANG_CXX_LIBRARY = "libc++";
				CLANG_ENABLE_MODULES = YES;
				CLANG_ENABLE_OBJC_ARC = YES;
				CLANG_ENABLE_OBJC_WEAK = YES;
				CLANG_WARN_BLOCK_CAPTURE_AUTORELEASING = YES;
				CLANG_WARN_BOOL_CONVERSION = YES;
				CLANG_WARN_COMMA = YES;
				CLANG_WARN_CONSTANT_CONVERSION = YES;
				CLANG_WARN_DEPRECATED_OBJC_IMPLEMENTATIONS = YES;
				CLANG_WARN_DIRECT_OBJC_ISA_USAGE = YES_ERROR;
				CLANG_WARN_DOCUMENTATION_COMMENTS = YES;
				CLANG_WARN_EMPTY_BODY = YES;
				CLANG_WARN_ENUM_CONVERSION = YES;
				CLANG_WARN_INFINITE_RECURSION = YES;
				CLANG_WARN_INT_CONVERSION = YES;
				CLANG_WARN_NON_LITERAL_NULL_CONVERSION = YES;
				CLANG_WARN_OBJC_IMPLICIT_RETAIN_SELF = YES;
				CLANG_WARN_OBJC_LITERAL_CONVERSION = YES;
				CLANG_WARN_OBJC_ROOT_CLASS = YES_ERROR;
				CLANG_WARN_QUOTED_INCLUDE_IN_FRAMEWORK_HEADER = YES;
				CLANG_WARN_RANGE_LOOP_ANALYSIS = YES;
				CLANG_WARN_STRICT_PROTOTYPES = YES;
				CLANG_WARN_SUSPICIOUS_MOVE = YES;
				CLANG_WARN_UNGUARDED_AVAILABILITY = YES_AGGRESSIVE;
				CLANG_WARN_UNREACHABLE_CODE = YES;
				CLANG_WARN__DUPLICATE_METHOD_MATCH = YES;
				COPY_PHASE_STRIP = NO;
				DEBUG_INFORMATION_FORMAT = "dwarf-with-dsym";
				ENABLE_NS_ASSERTIONS = NO;
				ENABLE_STRICT_OBJC_MSGSEND = YES;
				GCC_C_LANGUAGE_STANDARD = gnu11;
				GCC_NO_COMMON_BLOCKS = YES;
				GCC_WARN_64_TO_32_BIT_CONVERSION = YES;
				GCC_WARN_ABOUT_RETURN_TYPE = YES_ERROR;
				GCC_WARN_UNDECLARED_SELECTOR = YES;
				GCC_WARN_UNINITIALIZED_AUTOS = YES_AGGRESSIVE;
				GCC_WARN_UNUSED_FUNCTION = YES;
				GCC_WARN_UNUSED_VARIABLE = YES;
				IPHONEOS_DEPLOYMENT_TARGET = 14.4;
				MTL_ENABLE_DEBUG_INFO = NO;
				MTL_FAST_MATH = YES;
				SDKROOT = iphoneos;
				SWIFT_COMPILATION_MODE = wholemodule;
				SWIFT_OPTIMIZATION_LEVEL = "-O";
				VALIDATE_PRODUCT = YES;
			};
			name = Release;
		};
		3BD56F2A263D27D8004EFA1B /* Debug */ = {
			isa = XCBuildConfiguration;
			buildSettings = {
				ASSETCATALOG_COMPILER_APPICON_NAME = AppIcon;
				ASSETCATALOG_COMPILER_GLOBAL_ACCENT_COLOR_NAME = AccentColor;
				CODE_SIGN_STYLE = Automatic;
				DEVELOPMENT_ASSET_PATHS = "\"IOSGameHw04/Preview Content\"";
				DEVELOPMENT_TEAM = K624ZP356A;
				ENABLE_PREVIEWS = YES;
				INFOPLIST_FILE = IOSGameHw04/Info.plist;
				IPHONEOS_DEPLOYMENT_TARGET = 14.0;
				LD_RUNPATH_SEARCH_PATHS = (
					"$(inherited)",
					"@executable_path/Frameworks",
				);
				PRODUCT_BUNDLE_IDENTIFIER = IOS.IOSGameHw04;
				PRODUCT_NAME = "$(TARGET_NAME)";
				SWIFT_VERSION = 5.0;
				TARGETED_DEVICE_FAMILY = "1,2";
			};
			name = Debug;
		};
		3BD56F2B263D27D8004EFA1B /* Release */ = {
			isa = XCBuildConfiguration;
			buildSettings = {
				ASSETCATALOG_COMPILER_APPICON_NAME = AppIcon;
				ASSETCATALOG_COMPILER_GLOBAL_ACCENT_COLOR_NAME = AccentColor;
				CODE_SIGN_STYLE = Automatic;
				DEVELOPMENT_ASSET_PATHS = "\"IOSGameHw04/Preview Content\"";
				DEVELOPMENT_TEAM = K624ZP356A;
				ENABLE_PREVIEWS = YES;
				INFOPLIST_FILE = IOSGameHw04/Info.plist;
				IPHONEOS_DEPLOYMENT_TARGET = 14.0;
				LD_RUNPATH_SEARCH_PATHS = (
					"$(inherited)",
					"@executable_path/Frameworks",
				);
				PRODUCT_BUNDLE_IDENTIFIER = IOS.IOSGameHw04;
				PRODUCT_NAME = "$(TARGET_NAME)";
				SWIFT_VERSION = 5.0;
				TARGETED_DEVICE_FAMILY = "1,2";
			};
			name = Release;
		};
/* End XCBuildConfiguration section */

/* Begin XCConfigurationList section */
		3BD56F15263D27D6004EFA1B /* Build configuration list for PBXProject "IOSGameHw04" */ = {
			isa = XCConfigurationList;
			buildConfigurations = (
				3BD56F27263D27D8004EFA1B /* Debug */,
				3BD56F28263D27D8004EFA1B /* Release */,
			);
			defaultConfigurationIsVisible = 0;
			defaultConfigurationName = Release;
		};
		3BD56F29263D27D8004EFA1B /* Build configuration list for PBXNativeTarget "IOSGameHw04" */ = {
			isa = XCConfigurationList;
			buildConfigurations = (
				3BD56F2A263D27D8004EFA1B /* Debug */,
				3BD56F2B263D27D8004EFA1B /* Release */,
			);
			defaultConfigurationIsVisible = 0;
			defaultConfigurationName = Release;
		};
/* End XCConfigurationList section */

/* Begin XCRemoteSwiftPackageReference section */
		3B90D99A263F282500604268 /* XCRemoteSwiftPackageReference "Kingfisher" */ = {
			isa = XCRemoteSwiftPackageReference;
			repositoryURL = "https://github.com/onevcat/Kingfisher";
			requirement = {
				kind = upToNextMajorVersion;
				minimumVersion = 6.3.0;
			};
		};
		3BD56F2D263D29F1004EFA1B /* XCRemoteSwiftPackageReference "firebase-ios-sdk" */ = {
			isa = XCRemoteSwiftPackageReference;
			repositoryURL = "https://github.com/firebase/firebase-ios-sdk";
			requirement = {
				kind = upToNextMajorVersion;
				minimumVersion = 7.11.1;
			};
		};
/* End XCRemoteSwiftPackageReference section */

/* Begin XCSwiftPackageProductDependency section */
		3B90D99B263F282500604268 /* Kingfisher */ = {
			isa = XCSwiftPackageProductDependency;
			package = 3B90D99A263F282500604268 /* XCRemoteSwiftPackageReference "Kingfisher" */;
			productName = Kingfisher;
		};
		3BD56F2E263D29F1004EFA1B /* FirebaseAuth */ = {
			isa = XCSwiftPackageProductDependency;
			package = 3BD56F2D263D29F1004EFA1B /* XCRemoteSwiftPackageReference "firebase-ios-sdk" */;
			productName = FirebaseAuth;
		};
		3BD56F30263D29F1004EFA1B /* FirebaseStorageSwift-Beta */ = {
			isa = XCSwiftPackageProductDependency;
			package = 3BD56F2D263D29F1004EFA1B /* XCRemoteSwiftPackageReference "firebase-ios-sdk" */;
			productName = "FirebaseStorageSwift-Beta";
		};
		3BD56F32263D29F1004EFA1B /* FirebaseFirestoreSwift-Beta */ = {
			isa = XCSwiftPackageProductDependency;
			package = 3BD56F2D263D29F1004EFA1B /* XCRemoteSwiftPackageReference "firebase-ios-sdk" */;
			productName = "FirebaseFirestoreSwift-Beta";
		};
/* End XCSwiftPackageProductDependency section */
	};
	rootObject = 3BD56F12263D27D6004EFA1B /* Project object */;
}
